# THIS IS AN AUTOGENERATED FILE. DO NOT EDIT THIS FILE DIRECTLY.
# yarn lockfile v1


"@anthropic-ai/sdk@^0.6.2":
  version "0.6.8"
  resolved "https://registry.yarnpkg.com/@anthropic-ai/sdk/-/sdk-0.6.8.tgz#670ecb3275e5f63f19f6decdd2ca94f4f8ac5f05"
  integrity sha512-z4gDFrBf+W2wOVvwA3CA+5bfKOxQhPeXQo7+ITWj3r3XPulIMEasVT0KrD41G+anr5Yc3d2PKvXKB6b1LSon5w==
  dependencies:
    "@types/node" "^18.11.18"
    "@types/node-fetch" "^2.6.4"
    abort-controller "^3.0.0"
    agentkeepalive "^4.2.1"
    digest-fetch "^1.3.0"
    form-data-encoder "1.7.2"
    formdata-node "^4.3.2"
    node-fetch "^2.6.7"
    web-streams-polyfill "^3.2.1"

"@supabase/functions-js@^2.1.5":
  version "2.1.5"
  resolved "https://registry.yarnpkg.com/@supabase/functions-js/-/functions-js-2.1.5.tgz#ed1b85f499dfda21d40fe39b86ab923117cb572b"
  integrity sha512-BNzC5XhCzzCaggJ8s53DP+WeHHGT/NfTsx2wUSSGKR2/ikLFQTBCDzMvGz/PxYMqRko/LwncQtKXGOYp1PkPaw==
  dependencies:
    "@supabase/node-fetch" "^2.6.14"

"@supabase/gotrue-js@^2.56.0":
  version "2.59.0"
  resolved "https://registry.yarnpkg.com/@supabase/gotrue-js/-/gotrue-js-2.59.0.tgz#60bd12cfb5b7071d03b96b6e8f0107a1317ac0e4"
  integrity sha512-PHmoQfMWPOclBwTxhjxHSBMpso3gyZUSjJ/VojgRMQNYKz8e5aWYrGWoVgkewEgrdDviEbyE0gZSXvEnS+KCig==
  dependencies:
    "@supabase/node-fetch" "^2.6.14"

"@supabase/node-fetch@^2.6.14":
  version "2.6.15"
  resolved "https://registry.yarnpkg.com/@supabase/node-fetch/-/node-fetch-2.6.15.tgz#731271430e276983191930816303c44159e7226c"
  integrity sha512-1ibVeYUacxWYi9i0cf5efil6adJ9WRyZBLivgjs+AUpewx1F3xPi7gLgaASI2SmIQxPoCEjAsLAzKPgMJVgOUQ==
  dependencies:
    whatwg-url "^5.0.0"

"@supabase/postgrest-js@^1.8.6":
  version "1.9.0"
  resolved "https://registry.yarnpkg.com/@supabase/postgrest-js/-/postgrest-js-1.9.0.tgz#00dddbe8119f1ec2179057e563bb54f28e6e31e3"
  integrity sha512-axP6cU69jDrLbfihJKQ6vU27tklD0gzb9idkMN363MtTXeJVt5DQNT3JnJ58JVNBdL74hgm26rAsFNvHk+tnSw==
  dependencies:
    "@supabase/node-fetch" "^2.6.14"

"@supabase/realtime-js@^2.8.4":
  version "2.9.0"
  resolved "https://registry.yarnpkg.com/@supabase/realtime-js/-/realtime-js-2.9.0.tgz#7c1ff41d674e06ab003cff1d43105c4ae93d8a56"
  integrity sha512-e/SI+/eqFJorAKAgVAwKQ9hSDQSBp86Yh7XbQmfJJ90LEfpM52HlTfJt/03lcepRu6BmH5h1uYn1b4zta7ghdw==
  dependencies:
    "@supabase/node-fetch" "^2.6.14"
    "@types/phoenix" "^1.5.4"
    "@types/websocket" "^1.0.3"
    ws "^8.14.2"

"@supabase/storage-js@^2.5.4":
  version "2.5.5"
  resolved "https://registry.yarnpkg.com/@supabase/storage-js/-/storage-js-2.5.5.tgz#2958e2a2cec8440e605bb53bd36649288c4dfa01"
  integrity sha512-OpLoDRjFwClwc2cjTJZG8XviTiQH4Ik8sCiMK5v7et0MDu2QlXjCAW3ljxJB5+z/KazdMOTnySi+hysxWUPu3w==
  dependencies:
    "@supabase/node-fetch" "^2.6.14"

"@supabase/supabase-js@^2.39.0":
  version "2.39.0"
  resolved "https://registry.yarnpkg.com/@supabase/supabase-js/-/supabase-js-2.39.0.tgz#08ac64b441bd9e1c7ff660b15219a8bf786daed8"
  integrity sha512-cYfnwWRW5rYBbPT/BNIejtRT9ULdD9PnIExQV28PZpqcqm3PLwS4f3pY7WGB01Da63VYdvktZPKuYvreqsj/Zg==
  dependencies:
    "@supabase/functions-js" "^2.1.5"
    "@supabase/gotrue-js" "^2.56.0"
    "@supabase/node-fetch" "^2.6.14"
    "@supabase/postgrest-js" "^1.8.6"
    "@supabase/realtime-js" "^2.8.4"
    "@supabase/storage-js" "^2.5.4"

"@types/node-fetch@^2.6.4":
  version "2.6.9"
  resolved "https://registry.yarnpkg.com/@types/node-fetch/-/node-fetch-2.6.9.tgz#15f529d247f1ede1824f7e7acdaa192d5f28071e"
  integrity sha512-bQVlnMLFJ2d35DkPNjEPmd9ueO/rh5EiaZt2bhqiSarPjZIuIV6bPQVqcrEyvNo+AfTrRGVazle1tl597w3gfA==
  dependencies:
    "@types/node" "*"
    form-data "^4.0.0"

"@types/node@*":
  version "20.10.3"
  resolved "https://registry.yarnpkg.com/@types/node/-/node-20.10.3.tgz#4900adcc7fc189d5af5bb41da8f543cea6962030"
  integrity sha512-XJavIpZqiXID5Yxnxv3RUDKTN5b81ddNC3ecsA0SoFXz/QU8OGBwZGMomiq0zw+uuqbL/krztv/DINAQ/EV4gg==
  dependencies:
    undici-types "~5.26.4"

"@types/node@^18.11.18":
  version "18.19.2"
  resolved "https://registry.yarnpkg.com/@types/node/-/node-18.19.2.tgz#865107157bda220eef9fa8c2173152d6559a41ae"
  integrity sha512-6wzfBdbWpe8QykUkXBjtmO3zITA0A3FIjoy+in0Y2K4KrCiRhNYJIdwAPDffZ3G6GnaKaSLSEa9ZuORLfEoiwg==
  dependencies:
    undici-types "~5.26.4"

"@types/phoenix@^1.5.4":
  version "1.6.4"
  resolved "https://registry.yarnpkg.com/@types/phoenix/-/phoenix-1.6.4.tgz#cceac93a827555473ad38057d1df7d06eef1ed71"
  integrity sha512-B34A7uot1Cv0XtaHRYDATltAdKx0BvVKNgYNqE4WjtPUa4VQJM7kxeXcVKaH+KS+kCmZ+6w+QaUdcljiheiBJA==

"@types/retry@0.12.0":
  version "0.12.0"
  resolved "https://registry.yarnpkg.com/@types/retry/-/retry-0.12.0.tgz#2b35eccfcee7d38cd72ad99232fbd58bffb3c84d"
  integrity sha512-wWKOClTTiizcZhXnPY4wikVAwmdYHp8q6DmC+EJUzAMsycb7HB32Kh9RN4+0gExjmPmZSAQjgURXIGATPegAvA==

"@types/uuid@^9.0.1":
  version "9.0.7"
  resolved "https://registry.yarnpkg.com/@types/uuid/-/uuid-9.0.7.tgz#b14cebc75455eeeb160d5fe23c2fcc0c64f724d8"
  integrity sha512-WUtIVRUZ9i5dYXefDEAI7sh9/O7jGvHg7Df/5O/gtH3Yabe5odI3UWopVR1qbPXQtvOxWu3mM4XxlYeZtMWF4g==

"@types/websocket@^1.0.3":
  version "1.0.10"
  resolved "https://registry.yarnpkg.com/@types/websocket/-/websocket-1.0.10.tgz#804b1a02780da522f5742bc184a6d16a2eb78c7c"
  integrity sha512-svjGZvPB7EzuYS94cI7a+qhwgGU1y89wUgjT6E2wVUfmAGIvRfT7obBvRtnhXCSsoMdlG4gBFGE7MfkIXZLoww==
  dependencies:
    "@types/node" "*"

abort-controller@^3.0.0:
  version "3.0.0"
  resolved "https://registry.yarnpkg.com/abort-controller/-/abort-controller-3.0.0.tgz#eaf54d53b62bae4138e809ca225c8439a6efb392"
  integrity sha512-h8lQ8tacZYnR3vNQTgibj+tODHI5/+l06Au2Pcriv/Gmet0eaj4TwWH41sO9wnHDiQsEj19q0drzdWdeAHtweg==
  dependencies:
    event-target-shim "^5.0.0"

agent-base@^7.0.2:
  version "7.1.0"
  resolved "https://registry.yarnpkg.com/agent-base/-/agent-base-7.1.0.tgz#536802b76bc0b34aa50195eb2442276d613e3434"
  integrity sha512-o/zjMZRhJxny7OyEF+Op8X+efiELC7k7yOjMzgfzVqOzXqkBkWI79YoTdOtsuWd5BWhAGAuOY/Xa6xpiaWXiNg==
  dependencies:
    debug "^4.3.4"

agentkeepalive@^4.2.1:
  version "4.5.0"
  resolved "https://registry.yarnpkg.com/agentkeepalive/-/agentkeepalive-4.5.0.tgz#2673ad1389b3c418c5a20c5d7364f93ca04be923"
  integrity sha512-5GG/5IbQQpC9FpkRGsSvZI5QYeSCzlJHdpBQntCsuTOxhKD8lqKhrleg2Yi7yvMIf82Ycmmqln9U8V9qwEiJew==
  dependencies:
    humanize-ms "^1.2.1"

ansi-styles@^5.0.0:
  version "5.2.0"
  resolved "https://registry.yarnpkg.com/ansi-styles/-/ansi-styles-5.2.0.tgz#07449690ad45777d1924ac2abb2fc8895dba836b"
  integrity sha512-Cxwpt2SfTzTtXcfOlzGEee8O+c+MmUgGrNiBcXnuWxuFJHe6a5Hz7qwhwe5OgaSYI0IJvkLqWX1ASG+cJOkEiA==

argparse@^2.0.1:
  version "2.0.1"
  resolved "https://registry.yarnpkg.com/argparse/-/argparse-2.0.1.tgz#246f50f3ca78a3240f6c997e8a9bd1eac49e4b38"
  integrity sha512-8+9WqebbFzpX9OR+Wa6O29asIogeRMzcGtAINdpMHHyAg10f05aSFVBbcEqGf/PXw1EjAZ+q2/bEBg3DvurK3Q==

asynckit@^0.4.0:
  version "0.4.0"
  resolved "https://registry.yarnpkg.com/asynckit/-/asynckit-0.4.0.tgz#c79ed97f7f34cb8f2ba1bc9790bcc366474b4b79"
  integrity sha512-Oei9OH4tRh0YqU3GxhX79dM/mwVgvbZJaSNaRk+bshkj0S5cfHcgYakreBjrHwatXKbz+IoIdYLxrKim2MjW0Q==

base-64@^0.1.0:
  version "0.1.0"
  resolved "https://registry.yarnpkg.com/base-64/-/base-64-0.1.0.tgz#780a99c84e7d600260361511c4877613bf24f6bb"
  integrity sha512-Y5gU45svrR5tI2Vt/X9GPd3L0HNIKzGu202EjxrXMpuc2V2CiKgemAbUUsqYmZJvPtCXoUKjNZwBJzsNScUbXA==

base64-js@^1.5.1:
  version "1.5.1"
  resolved "https://registry.yarnpkg.com/base64-js/-/base64-js-1.5.1.tgz#1b1b440160a5bf7ad40b650f095963481903930a"
  integrity sha512-AKpaYlHn8t4SVbOHCy+b5+KKgvR4vrsD8vbvrbiQJps7fKDTkjkDry6ji0rUJjC0kzbNePLwzxq8iypo41qeWA==

bin-links@^4.0.1:
  version "4.0.3"
  resolved "https://registry.yarnpkg.com/bin-links/-/bin-links-4.0.3.tgz#9e4a3c5900830aee3d7f52178b65e01dcdde64a5"
  integrity sha512-obsRaULtJurnfox/MDwgq6Yo9kzbv1CPTk/1/s7Z/61Lezc8IKkFCOXNeVLXz0456WRzBQmSsDWlai2tIhBsfA==
  dependencies:
    cmd-shim "^6.0.0"
    npm-normalize-package-bin "^3.0.0"
    read-cmd-shim "^4.0.0"
    write-file-atomic "^5.0.0"

binary-extensions@^2.2.0:
  version "2.2.0"
  resolved "https://registry.yarnpkg.com/binary-extensions/-/binary-extensions-2.2.0.tgz#75f502eeaf9ffde42fc98829645be4ea76bd9e2d"
  integrity sha512-jDctJ/IVQbZoJykoeHbhXpOlNBqGNcwXJKJog42E5HDPUwQTSdjCHdihjj0DlnheQ7blbT6dHOafNAiS8ooQKA==

binary-search@^1.3.5:
  version "1.3.6"
  resolved "https://registry.yarnpkg.com/binary-search/-/binary-search-1.3.6.tgz#e32426016a0c5092f0f3598836a1c7da3560565c"
  integrity sha512-nbE1WxOTTrUWIfsfZ4aHGYu5DOuNkbxGokjV6Z2kxfJK3uaAb8zNK1muzOeipoLHZjInT4Br88BHpzevc681xA==

camelcase@6:
  version "6.3.0"
  resolved "https://registry.yarnpkg.com/camelcase/-/camelcase-6.3.0.tgz#5685b95eb209ac9c0c177467778c9c84df58ba9a"
  integrity sha512-Gmy6FhYlCY7uOElZUSbxo2UCDH8owEk996gkbrpsgGtrJLM3J7jGxl9Ic7Qwwj4ivOE5AWZWRMecDdF7hqGjFA==

charenc@0.0.2:
  version "0.0.2"
  resolved "https://registry.yarnpkg.com/charenc/-/charenc-0.0.2.tgz#c0a1d2f3a7092e03774bfa83f14c0fc5790a8667"
  integrity sha512-yrLQ/yVUFXkzg7EDQsPieE/53+0RlaWTs+wBrvW36cyilJ2SaDWfl4Yj7MtLTXleV9uEKefbAGUPv2/iWSooRA==

chownr@^2.0.0:
  version "2.0.0"
  resolved "https://registry.yarnpkg.com/chownr/-/chownr-2.0.0.tgz#15bfbe53d2eab4cf70f18a8cd68ebe5b3cb1dece"
  integrity sha512-bIomtDF5KGpdogkLd9VspvFzk9KfpyyGlS8YFVZl7TGPBHL5snIOnxeshwVgPteQ9b4Eydl+pVbIyE1DcvCWgQ==

cmd-shim@^6.0.0:
  version "6.0.2"
  resolved "https://registry.yarnpkg.com/cmd-shim/-/cmd-shim-6.0.2.tgz#435fd9e5c95340e61715e19f90209ed6fcd9e0a4"
  integrity sha512-+FFYbB0YLaAkhkcrjkyNLYDiOsFSfRjwjY19LXk/psmMx1z00xlCv7hhQoTGXXIKi+YXHL/iiFo8NqMVQX9nOw==

combined-stream@^1.0.8:
  version "1.0.8"
  resolved "https://registry.yarnpkg.com/combined-stream/-/combined-stream-1.0.8.tgz#c3d45a8b34fd730631a110a8a2520682b31d5a7f"
  integrity sha512-FQN4MRfuJeHf7cBbBMJFXhKSDq+2kAArBlmRBvcvFE5BB1HZKXtSFASDhdlz9zOYwxh8lDdnvmMOe/+5cdoEdg==
  dependencies:
    delayed-stream "~1.0.0"

commander@^10.0.1:
  version "10.0.1"
  resolved "https://registry.yarnpkg.com/commander/-/commander-10.0.1.tgz#881ee46b4f77d1c1dccc5823433aa39b022cbe06"
  integrity sha512-y4Mg2tXshplEbSGzx7amzPwKKOCGuoSRP/CjEdwwk0FOGlUbq6lKuoyDZTNZkmxHdJtp54hdfY/JUrdL7Xfdug==

crypt@0.0.2:
  version "0.0.2"
  resolved "https://registry.yarnpkg.com/crypt/-/crypt-0.0.2.tgz#88d7ff7ec0dfb86f713dc87bbb42d044d3e6c41b"
  integrity sha512-mCxBlsHFYh9C+HVpiEacem8FEBnMXgU9gy4zmNC+SXAZNB/1idgp/aulFJ4FgCi7GPEVbfyng092GqL2k2rmow==

data-uri-to-buffer@^4.0.0:
  version "4.0.1"
  resolved "https://registry.yarnpkg.com/data-uri-to-buffer/-/data-uri-to-buffer-4.0.1.tgz#d8feb2b2881e6a4f58c2e08acfd0e2834e26222e"
  integrity sha512-0R9ikRb668HB7QDxT1vkpuUBtqc53YyAwMwGeUFKRojY/NWKvdZ+9UYtRfGmhqNbRkTSVpMbmyhXipFFv2cb/A==

debug@4, debug@^4.3.4:
  version "4.3.4"
  resolved "https://registry.yarnpkg.com/debug/-/debug-4.3.4.tgz#1319f6579357f2338d3337d2cdd4914bb5dcc865"
  integrity sha512-PRWFHuSU3eDtQJPvnNY7Jcket1j0t5OuOsFzPPzsekD52Zl8qUfFIPEiswXqIvHWGVHOgX+7G/vCNNhehwxfkQ==
  dependencies:
    ms "2.1.2"

debug@^3.1.0:
  version "3.2.7"
  resolved "https://registry.yarnpkg.com/debug/-/debug-3.2.7.tgz#72580b7e9145fb39b6676f9c5e5fb100b934179a"
  integrity sha512-CFjzYYAi4ThfiQvizrFQevTTXHtnCqWfe7x1AhgEscTz6ZbLbfoLRLPugTQyBth6f8ZERVUSyWHFD/7Wu4t1XQ==
  dependencies:
    ms "^2.1.1"

decamelize@^1.2.0:
  version "1.2.0"
  resolved "https://registry.yarnpkg.com/decamelize/-/decamelize-1.2.0.tgz#f6534d15148269b20352e7bee26f501f9a191290"
  integrity sha512-z2S+W9X73hAUUki+N+9Za2lBlun89zigOyGrsax+KUQ6wKW4ZoWpEYBkGhQjwAjjDCkWxhY0VKEhk8wzY7F5cA==

delayed-stream@~1.0.0:
  version "1.0.0"
  resolved "https://registry.yarnpkg.com/delayed-stream/-/delayed-stream-1.0.0.tgz#df3ae199acadfb7d440aaae0b29e2272b24ec619"
  integrity sha512-ZySD7Nf91aLB0RxL4KGrKHBXl7Eds1DAmEdcoVawXnLD7SDhpNgtuII2aAkg7a7QS41jxPSZ17p4VdGnMHk3MQ==

digest-fetch@^1.3.0:
  version "1.3.0"
  resolved "https://registry.yarnpkg.com/digest-fetch/-/digest-fetch-1.3.0.tgz#898e69264d00012a23cf26e8a3e40320143fc661"
  integrity sha512-CGJuv6iKNM7QyZlM2T3sPAdZWd/p9zQiRNS9G+9COUCwzWFTs0Xp8NF5iePx7wtvhDykReiRRrSeNb4oMmB8lA==
  dependencies:
    base-64 "^0.1.0"
    md5 "^2.3.0"

dotenv@^16.3.1:
  version "16.3.1"
  resolved "https://registry.yarnpkg.com/dotenv/-/dotenv-16.3.1.tgz#369034de7d7e5b120972693352a3bf112172cc3e"
  integrity sha512-IPzF4w4/Rd94bA9imS68tZBaYyBWSCE47V1RGuMrB94iyTOIEwRmVL2x/4An+6mETpLrKJ5hQkB8W4kFAadeIQ==

event-target-shim@^5.0.0:
  version "5.0.1"
  resolved "https://registry.yarnpkg.com/event-target-shim/-/event-target-shim-5.0.1.tgz#5d4d3ebdf9583d63a5333ce2deb7480ab2b05789"
  integrity sha512-i/2XbnSz/uxRCU6+NdVJgKWDTM427+MqYbkQzD321DuCQJUqOuJKIA0IM2+W2xtYHdKOmZ4dR6fExsd4SXL+WQ==

eventemitter3@^4.0.4:
  version "4.0.7"
  resolved "https://registry.yarnpkg.com/eventemitter3/-/eventemitter3-4.0.7.tgz#2de9b68f6528d5644ef5c59526a1b4a07306169f"
  integrity sha512-8guHBZCwKnFhYdHr2ysuRWErTwhoN2X8XELRlrRwpmfeY2jjuUN4taQMsULKUVo1K4DvZl+0pgfyoysHxvmvEw==

expr-eval@^2.0.2:
  version "2.0.2"
  resolved "https://registry.yarnpkg.com/expr-eval/-/expr-eval-2.0.2.tgz#fa6f044a7b0c93fde830954eb9c5b0f7fbc7e201"
  integrity sha512-4EMSHGOPSwAfBiibw3ndnP0AvjDWLsMvGOvWEZ2F96IGk0bIVdjQisOHxReSkE13mHcfbuCiXw+G4y0zv6N8Eg==

fetch-blob@^3.1.2, fetch-blob@^3.1.4:
  version "3.2.0"
  resolved "https://registry.yarnpkg.com/fetch-blob/-/fetch-blob-3.2.0.tgz#f09b8d4bbd45adc6f0c20b7e787e793e309dcce9"
  integrity sha512-7yAQpD2UMJzLi1Dqv7qFYnPbaPx7ZfFK6PiIxQ4PfkGPyNyl2Ugx+a/umUonmKqjhM4DnfbMvdX6otXq83soQQ==
  dependencies:
    node-domexception "^1.0.0"
    web-streams-polyfill "^3.0.3"

flat@^5.0.2:
  version "5.0.2"
  resolved "https://registry.yarnpkg.com/flat/-/flat-5.0.2.tgz#8ca6fe332069ffa9d324c327198c598259ceb241"
  integrity sha512-b6suED+5/3rTpUBdG1gupIl8MPFCAMA0QXwmljLhvCUKcUvdE4gWky9zpuGCcXHOsz4J9wPGNWq6OKpmIzz3hQ==

form-data-encoder@1.7.2:
  version "1.7.2"
  resolved "https://registry.yarnpkg.com/form-data-encoder/-/form-data-encoder-1.7.2.tgz#1f1ae3dccf58ed4690b86d87e4f57c654fbab040"
  integrity sha512-qfqtYan3rxrnCk1VYaA4H+Ms9xdpPqvLZa6xmMgFvhO32x7/3J/ExcTd6qpxM0vH2GdMI+poehyBZvqfMTto8A==

form-data@^4.0.0:
  version "4.0.0"
  resolved "https://registry.yarnpkg.com/form-data/-/form-data-4.0.0.tgz#93919daeaf361ee529584b9b31664dc12c9fa452"
  integrity sha512-ETEklSGi5t0QMZuiXoA/Q6vcnxcLQP5vdugSpuAyi6SVGi2clPPp+xgEhuMaHC+zGgn31Kd235W35f7Hykkaww==
  dependencies:
    asynckit "^0.4.0"
    combined-stream "^1.0.8"
    mime-types "^2.1.12"

formdata-node@^4.3.2:
  version "4.4.1"
  resolved "https://registry.yarnpkg.com/formdata-node/-/formdata-node-4.4.1.tgz#23f6a5cb9cb55315912cbec4ff7b0f59bbd191e2"
  integrity sha512-0iirZp3uVDjVGt9p49aTaqjk84TrglENEDuqfdlZQ1roC9CWlPk6Avf8EEnZNcAqPonwkG35x4n3ww/1THYAeQ==
  dependencies:
    node-domexception "1.0.0"
    web-streams-polyfill "4.0.0-beta.3"

formdata-polyfill@^4.0.10:
  version "4.0.10"
  resolved "https://registry.yarnpkg.com/formdata-polyfill/-/formdata-polyfill-4.0.10.tgz#24807c31c9d402e002ab3d8c720144ceb8848423"
  integrity sha512-buewHzMvYL29jdeQTVILecSaZKnt/RJWjoZCF5OW60Z67/GmSLBkOFM7qh1PI3zFNtJbaZL5eQu1vLfazOwj4g==
  dependencies:
    fetch-blob "^3.1.2"

fs-minipass@^2.0.0:
  version "2.1.0"
  resolved "https://registry.yarnpkg.com/fs-minipass/-/fs-minipass-2.1.0.tgz#7f5036fdbf12c63c169190cbe4199c852271f9fb"
  integrity sha512-V/JgOLFCS+R6Vcq0slCuaeWEdNC3ouDlJMNIsacH2VtALiu9mV4LPrHc5cDl8k5aw6J8jwgWWpiTo5RYhmIzvg==
  dependencies:
    minipass "^3.0.0"

https-proxy-agent@^7.0.2:
  version "7.0.2"
  resolved "https://registry.yarnpkg.com/https-proxy-agent/-/https-proxy-agent-7.0.2.tgz#e2645b846b90e96c6e6f347fb5b2e41f1590b09b"
  integrity sha512-NmLNjm6ucYwtcUmL7JQC1ZQ57LmHP4lT15FQ8D61nak1rO6DH+fz5qNK2Ap5UN4ZapYICE3/0KodcLYSPsPbaA==
  dependencies:
    agent-base "^7.0.2"
    debug "4"

humanize-ms@^1.2.1:
  version "1.2.1"
  resolved "https://registry.yarnpkg.com/humanize-ms/-/humanize-ms-1.2.1.tgz#c46e3159a293f6b896da29316d8b6fe8bb79bbed"
  integrity sha512-Fl70vYtsAFb/C06PTS9dZBo7ihau+Tu/DNCk/OyHhea07S+aeMWpFFkUaXRa8fI+ScZbEI8dfSxwY7gxZ9SAVQ==
  dependencies:
    ms "^2.0.0"

imurmurhash@^0.1.4:
  version "0.1.4"
  resolved "https://registry.yarnpkg.com/imurmurhash/-/imurmurhash-0.1.4.tgz#9218b9b2b928a238b13dc4fb6b6d576f231453ea"
  integrity sha512-JmXMZ6wuvDmLiHEml9ykzqO6lwFbof0GG4IkcGaENdCRDDmMVnny7s5HsIgHCbaq0w2MyPhDqkhTUgS2LU2PHA==

is-any-array@^2.0.0:
  version "2.0.1"
  resolved "https://registry.yarnpkg.com/is-any-array/-/is-any-array-2.0.1.tgz#9233242a9c098220290aa2ec28f82ca7fa79899e"
  integrity sha512-UtilS7hLRu++wb/WBAw9bNuP1Eg04Ivn1vERJck8zJthEvXCBEBpGR/33u/xLKWEQf95803oalHrVDptcAvFdQ==

is-buffer@~1.1.6:
  version "1.1.6"
  resolved "https://registry.yarnpkg.com/is-buffer/-/is-buffer-1.1.6.tgz#efaa2ea9daa0d7ab2ea13a97b2b8ad51fefbe8be"
  integrity sha512-NcdALwpXkTm5Zvvbk7owOUSvVvBKDgKP5/ewfXEznmQFfs4ZRmanOeKBTjRVjka3QFoN6XJ+9F3USqfHqTaU5w==

js-tiktoken@^1.0.7:
  version "1.0.8"
  resolved "https://registry.yarnpkg.com/js-tiktoken/-/js-tiktoken-1.0.8.tgz#21ab8ae222e71226b2ef0d2f4b507fb10d66a114"
  integrity sha512-r7XK3E9/I+SOrbAGqb39pyO/rHAS1diAOSRAvaaLfHgXjkUSK9AiSd+r84Vn2f/GvXJYRAxKj8NHrUvqlaH5qg==
  dependencies:
    base64-js "^1.5.1"

js-yaml@^4.1.0:
  version "4.1.0"
  resolved "https://registry.yarnpkg.com/js-yaml/-/js-yaml-4.1.0.tgz#c1fb65f8f5017901cdd2c951864ba18458a10602"
  integrity sha512-wpxZs9NoxZaJESJGIZTyDEaYpl0FKSA+FB9aJiyemKhMwkxQg63h4T1KJgUGHpTqPDNRcmmYLugrRjJlBtWvRA==
  dependencies:
    argparse "^2.0.1"

jsonpointer@^5.0.1:
  version "5.0.1"
  resolved "https://registry.yarnpkg.com/jsonpointer/-/jsonpointer-5.0.1.tgz#2110e0af0900fd37467b5907ecd13a7884a1b559"
  integrity sha512-p/nXbhSEcu3pZRdkW1OfJhpsVtW1gd4Wa1fnQc9YLiTfAjn0312eMKimbdIQzuZl9aa9xUGaRlP9T/CJE/ditQ==

langchain@^0.0.146:
  version "0.0.146"
  resolved "https://registry.yarnpkg.com/langchain/-/langchain-0.0.146.tgz#f2c8549d3c6d951ce404127936744ed0729a0510"
  integrity sha512-WPkvlYNBH1cqPH0/mcDzfNjht5VJSD7dJMHCjhagLneVD7v69yMiNNkrme+DKHOqnPBbNUHDmlXGLAnTs4gpDQ==
  dependencies:
    "@anthropic-ai/sdk" "^0.6.2"
    ansi-styles "^5.0.0"
    binary-extensions "^2.2.0"
    camelcase "6"
    decamelize "^1.2.0"
    expr-eval "^2.0.2"
    flat "^5.0.2"
    js-tiktoken "^1.0.7"
    js-yaml "^4.1.0"
    jsonpointer "^5.0.1"
    langchainhub "~0.0.6"
    langsmith "~0.0.31"
    ml-distance "^4.0.0"
    object-hash "^3.0.0"
    openai "~4.4.0"
    openapi-types "^12.1.3"
    p-queue "^6.6.2"
    p-retry "4"
    uuid "^9.0.0"
    yaml "^2.2.1"
    zod "^3.21.4"
    zod-to-json-schema "^3.20.4"

langchainhub@~0.0.6:
  version "0.0.6"
  resolved "https://registry.yarnpkg.com/langchainhub/-/langchainhub-0.0.6.tgz#9d2d06e4ce0807b4e8a31e19611f57aef990b54d"
  integrity sha512-SW6105T+YP1cTe0yMf//7kyshCgvCTyFBMTgH2H3s9rTAR4e+78DA/BBrUL/Mt4Q5eMWui7iGuAYb3pgGsdQ9w==

langsmith@~0.0.31:
  version "0.0.49"
  resolved "https://registry.yarnpkg.com/langsmith/-/langsmith-0.0.49.tgz#6b19298db6ca37a583ca05b25b5271674e9258b7"
  integrity sha512-TC2RkjDizxtubClLNjLkB0m53NHtom9LHIhbdRYJ5O6gqUpcXkN/pefb8w734lBp9VYfnYBk/JJ8AiCq+ooeDQ==
  dependencies:
    "@types/uuid" "^9.0.1"
    commander "^10.0.1"
    p-queue "^6.6.2"
    p-retry "4"
    uuid "^9.0.0"

md5@^2.3.0:
  version "2.3.0"
  resolved "https://registry.yarnpkg.com/md5/-/md5-2.3.0.tgz#c3da9a6aae3a30b46b7b0c349b87b110dc3bda4f"
  integrity sha512-T1GITYmFaKuO91vxyoQMFETst+O71VUPEU3ze5GNzDm0OWdP8v1ziTaAEPUr/3kLsY3Sftgz242A1SetQiDL7g==
  dependencies:
    charenc "0.0.2"
    crypt "0.0.2"
    is-buffer "~1.1.6"

mime-db@1.52.0:
  version "1.52.0"
  resolved "https://registry.yarnpkg.com/mime-db/-/mime-db-1.52.0.tgz#bbabcdc02859f4987301c856e3387ce5ec43bf70"
  integrity sha512-sPU4uV7dYlvtWJxwwxHD0PuihVNiE7TyAbQ5SWxDCB9mUYvOgroQOwYQQOKPJ8CIbE+1ETVlOoK1UC2nU3gYvg==

mime-types@^2.1.12:
  version "2.1.35"
  resolved "https://registry.yarnpkg.com/mime-types/-/mime-types-2.1.35.tgz#381a871b62a734450660ae3deee44813f70d959a"
  integrity sha512-ZDY+bPm5zTTF+YpCrAU9nK0UgICYPT0QtT1NZWFv4s++TNkcgVaT0g6+4R2uI4MjQjzysHB1zxuWL50hzaeXiw==
  dependencies:
    mime-db "1.52.0"

minipass@^3.0.0:
  version "3.3.6"
  resolved "https://registry.yarnpkg.com/minipass/-/minipass-3.3.6.tgz#7bba384db3a1520d18c9c0e5251c3444e95dd94a"
  integrity sha512-DxiNidxSEK+tHG6zOIklvNOwm3hvCrbUrdtzY74U6HKTJxvIDfOUL5W5P2Ghd3DTkhhKPYGqeNUIh5qcM4YBfw==
  dependencies:
    yallist "^4.0.0"

minipass@^5.0.0:
  version "5.0.0"
  resolved "https://registry.yarnpkg.com/minipass/-/minipass-5.0.0.tgz#3e9788ffb90b694a5d0ec94479a45b5d8738133d"
  integrity sha512-3FnjYuehv9k6ovOEbyOswadCDPX1piCfhV8ncmYtHOjuPwylVWsghTLo7rabjC3Rx5xD4HDx8Wm1xnMF7S5qFQ==

minizlib@^2.1.1:
  version "2.1.2"
  resolved "https://registry.yarnpkg.com/minizlib/-/minizlib-2.1.2.tgz#e90d3466ba209b932451508a11ce3d3632145931"
  integrity sha512-bAxsR8BVfj60DWXHE3u30oHzfl4G7khkSuPW+qvpd7jFRHm7dLxOjUk1EHACJ/hxLY8phGJ0YhYHZo7jil7Qdg==
  dependencies:
    minipass "^3.0.0"
    yallist "^4.0.0"

mkdirp@^1.0.3:
  version "1.0.4"
  resolved "https://registry.yarnpkg.com/mkdirp/-/mkdirp-1.0.4.tgz#3eb5ed62622756d79a5f0e2a221dfebad75c2f7e"
  integrity sha512-vVqVZQyf3WLx2Shd0qJ9xuvqgAyKPLAiqITEtqW0oIUjzo3PePDd6fW9iFz30ef7Ysp/oiWqbhszeGWW2T6Gzw==

ml-array-mean@^1.1.6:
  version "1.1.6"
  resolved "https://registry.yarnpkg.com/ml-array-mean/-/ml-array-mean-1.1.6.tgz#d951a700dc8e3a17b3e0a583c2c64abd0c619c56"
  integrity sha512-MIdf7Zc8HznwIisyiJGRH9tRigg3Yf4FldW8DxKxpCCv/g5CafTw0RRu51nojVEOXuCQC7DRVVu5c7XXO/5joQ==
  dependencies:
    ml-array-sum "^1.1.6"

ml-array-sum@^1.1.6:
  version "1.1.6"
  resolved "https://registry.yarnpkg.com/ml-array-sum/-/ml-array-sum-1.1.6.tgz#d1d89c20793cd29c37b09d40e85681aa4515a955"
  integrity sha512-29mAh2GwH7ZmiRnup4UyibQZB9+ZLyMShvt4cH4eTK+cL2oEMIZFnSyB3SS8MlsTh6q/w/yh48KmqLxmovN4Dw==
  dependencies:
    is-any-array "^2.0.0"

ml-distance-euclidean@^2.0.0:
  version "2.0.0"
  resolved "https://registry.yarnpkg.com/ml-distance-euclidean/-/ml-distance-euclidean-2.0.0.tgz#3a668d236649d1b8fec96380b9435c6f42c9a817"
  integrity sha512-yC9/2o8QF0A3m/0IXqCTXCzz2pNEzvmcE/9HFKOZGnTjatvBbsn4lWYJkxENkA4Ug2fnYl7PXQxnPi21sgMy/Q==

ml-distance@^4.0.0:
  version "4.0.1"
  resolved "https://registry.yarnpkg.com/ml-distance/-/ml-distance-4.0.1.tgz#4741d17a1735888c5388823762271dfe604bd019"
  integrity sha512-feZ5ziXs01zhyFUUUeZV5hwc0f5JW0Sh0ckU1koZe/wdVkJdGxcP06KNQuF0WBTj8FttQUzcvQcpcrOp/XrlEw==
  dependencies:
    ml-array-mean "^1.1.6"
    ml-distance-euclidean "^2.0.0"
    ml-tree-similarity "^1.0.0"

ml-tree-similarity@^1.0.0:
  version "1.0.0"
  resolved "https://registry.yarnpkg.com/ml-tree-similarity/-/ml-tree-similarity-1.0.0.tgz#24705a107e32829e24d945e87219e892159c53f0"
  integrity sha512-XJUyYqjSuUQkNQHMscr6tcjldsOoAekxADTplt40QKfwW6nd++1wHWV9AArl0Zvw/TIHgNaZZNvr8QGvE8wLRg==
  dependencies:
    binary-search "^1.3.5"
    num-sort "^2.0.0"

ms@2.1.2:
  version "2.1.2"
  resolved "https://registry.yarnpkg.com/ms/-/ms-2.1.2.tgz#d09d1f357b443f493382a8eb3ccd183872ae6009"
  integrity sha512-sGkPx+VjMtmA6MX27oA4FBFELFCZZ4S4XqeGOXCv68tT+jb3vk/RyaKWP0PTKyWtmLSM0b+adUTEvbs1PEaH2w==

ms@^2.0.0, ms@^2.1.1:
  version "2.1.3"
  resolved "https://registry.yarnpkg.com/ms/-/ms-2.1.3.tgz#574c8138ce1d2b5861f0b44579dbadd60c6615b2"
  integrity sha512-6FlzubTLZG3J2a/NVCAleEhjzq5oxgHyaCU9yYXvcLsvoVaHJq/s5xXI6/XXP6tz7R9xAOtHnSO/tXtF3WRTlA==

node-domexception@1.0.0, node-domexception@^1.0.0:
  version "1.0.0"
  resolved "https://registry.yarnpkg.com/node-domexception/-/node-domexception-1.0.0.tgz#6888db46a1f71c0b76b3f7555016b63fe64766e5"
  integrity sha512-/jKZoMpw0F8GRwl4/eLROPA3cfcXtLApP0QzLmUT/HuPCZWyB7IY9ZrMeKw2O/nFIqPQB3PVM9aYm0F312AXDQ==

node-ensure@^0.0.0:
  version "0.0.0"
  resolved "https://registry.yarnpkg.com/node-ensure/-/node-ensure-0.0.0.tgz#ecae764150de99861ec5c810fd5d096b183932a7"
  integrity sha512-DRI60hzo2oKN1ma0ckc6nQWlHU69RH6xN0sjQTjMpChPfTYvKZdcQFfdYK2RWbJcKyUizSIy/l8OTGxMAM1QDw==

node-fetch@^2.6.7:
  version "2.7.0"
  resolved "https://registry.yarnpkg.com/node-fetch/-/node-fetch-2.7.0.tgz#d0f0fa6e3e2dc1d27efcd8ad99d550bda94d187d"
  integrity sha512-c4FRfUm/dbcWZ7U+1Wq0AwCyFL+3nt2bEw05wfxSz+DWpWsitgmSgYmy2dQdWyKC1694ELPqMs/YzUSNozLt8A==
  dependencies:
    whatwg-url "^5.0.0"

node-fetch@^3.2.10:
  version "3.3.2"
  resolved "https://registry.yarnpkg.com/node-fetch/-/node-fetch-3.3.2.tgz#d1e889bacdf733b4ff3b2b243eb7a12866a0b78b"
  integrity sha512-dRB78srN/l6gqWulah9SrxeYnxeddIG30+GOqK/9OlLVyLg3HPnr6SqOWTWOXKRwC2eGYCkZ59NNuSgvSrpgOA==
  dependencies:
    data-uri-to-buffer "^4.0.0"
    fetch-blob "^3.1.4"
    formdata-polyfill "^4.0.10"

npm-normalize-package-bin@^3.0.0:
  version "3.0.1"
  resolved "https://registry.yarnpkg.com/npm-normalize-package-bin/-/npm-normalize-package-bin-3.0.1.tgz#25447e32a9a7de1f51362c61a559233b89947832"
  integrity sha512-dMxCf+zZ+3zeQZXKxmyuCKlIDPGuv8EF940xbkC4kQVDTtqoh6rJFO+JTKSA6/Rwi0getWmtuy4Itup0AMcaDQ==

num-sort@^2.0.0:
  version "2.1.0"
  resolved "https://registry.yarnpkg.com/num-sort/-/num-sort-2.1.0.tgz#1cbb37aed071329fdf41151258bc011898577a9b"
  integrity sha512-1MQz1Ed8z2yckoBeSfkQHHO9K1yDRxxtotKSJ9yvcTUUxSvfvzEq5GwBrjjHEpMlq/k5gvXdmJ1SbYxWtpNoVg==

object-hash@^3.0.0:
  version "3.0.0"
  resolved "https://registry.yarnpkg.com/object-hash/-/object-hash-3.0.0.tgz#73f97f753e7baffc0e2cc9d6e079079744ac82e9"
  integrity sha512-RSn9F68PjH9HqtltsSnqYC1XXoWe9Bju5+213R98cNGttag9q9yAOTzdbsqvIa7aNm5WffBZFpWYr2aWrklWAw==

openai@~4.4.0:
  version "4.4.0"
  resolved "https://registry.yarnpkg.com/openai/-/openai-4.4.0.tgz#dbaab326eb044ddec479951b245850c482678031"
  integrity sha512-JN0t628Kh95T0IrXl0HdBqnlJg+4Vq0Bnh55tio+dfCnyzHvMLiWyCM9m726MAJD2YkDU4/8RQB6rNbEq9ct2w==
  dependencies:
    "@types/node" "^18.11.18"
    "@types/node-fetch" "^2.6.4"
    abort-controller "^3.0.0"
    agentkeepalive "^4.2.1"
    digest-fetch "^1.3.0"
    form-data-encoder "1.7.2"
    formdata-node "^4.3.2"
    node-fetch "^2.6.7"

openapi-types@^12.1.3:
  version "12.1.3"
  resolved "https://registry.yarnpkg.com/openapi-types/-/openapi-types-12.1.3.tgz#471995eb26c4b97b7bd356aacf7b91b73e777dd3"
  integrity sha512-N4YtSYJqghVu4iek2ZUvcN/0aqH1kRDuNqzcycDxhOUpg7GdvLa2F3DgS6yBNhInhv2r/6I0Flkn7CqL8+nIcw==

p-finally@^1.0.0:
  version "1.0.0"
  resolved "https://registry.yarnpkg.com/p-finally/-/p-finally-1.0.0.tgz#3fbcfb15b899a44123b34b6dcc18b724336a2cae"
  integrity sha512-LICb2p9CB7FS+0eR1oqWnHhp0FljGLZCWBE9aix0Uye9W8LTQPwMTYVGWQWIw9RdQiDg4+epXQODwIYJtSJaow==

p-queue@^6.6.2:
  version "6.6.2"
  resolved "https://registry.yarnpkg.com/p-queue/-/p-queue-6.6.2.tgz#2068a9dcf8e67dd0ec3e7a2bcb76810faa85e426"
  integrity sha512-RwFpb72c/BhQLEXIZ5K2e+AhgNVmIejGlTgiB9MzZ0e93GRvqZ7uSi0dvRF7/XIXDeNkra2fNHBxTyPDGySpjQ==
  dependencies:
    eventemitter3 "^4.0.4"
    p-timeout "^3.2.0"

p-retry@4:
  version "4.6.2"
  resolved "https://registry.yarnpkg.com/p-retry/-/p-retry-4.6.2.tgz#9baae7184057edd4e17231cee04264106e092a16"
  integrity sha512-312Id396EbJdvRONlngUx0NydfrIQ5lsYu0znKVUzVvArzEIt08V1qhtyESbGVd1FGX7UKtiFp5uwKZdM8wIuQ==
  dependencies:
    "@types/retry" "0.12.0"
    retry "^0.13.1"

p-timeout@^3.2.0:
  version "3.2.0"
  resolved "https://registry.yarnpkg.com/p-timeout/-/p-timeout-3.2.0.tgz#c7e17abc971d2a7962ef83626b35d635acf23dfe"
  integrity sha512-rhIwUycgwwKcP9yTOOFK/AKsAopjjCakVqLHePO3CC6Mir1Z99xT+R63jZxAT5lFZLa2inS5h+ZS2GvR99/FBg==
  dependencies:
    p-finally "^1.0.0"

pdf-parse@^1.1.1:
  version "1.1.1"
  resolved "https://registry.yarnpkg.com/pdf-parse/-/pdf-parse-1.1.1.tgz#745e07408679548b3995ff896fd38e96e19d14a7"
  integrity sha512-v6ZJ/efsBpGrGGknjtq9J/oC8tZWq0KWL5vQrk2GlzLEQPUDB1ex+13Rmidl1neNN358Jn9EHZw5y07FFtaC7A==
  dependencies:
    debug "^3.1.0"
    node-ensure "^0.0.0"

read-cmd-shim@^4.0.0:
  version "4.0.0"
  resolved "https://registry.yarnpkg.com/read-cmd-shim/-/read-cmd-shim-4.0.0.tgz#640a08b473a49043e394ae0c7a34dd822c73b9bb"
  integrity sha512-yILWifhaSEEytfXI76kB9xEEiG1AiozaCJZ83A87ytjRiN+jVibXjedjCRNjoZviinhG+4UkalO3mWTd8u5O0Q==

retry@^0.13.1:
  version "0.13.1"
  resolved "https://registry.yarnpkg.com/retry/-/retry-0.13.1.tgz#185b1587acf67919d63b357349e03537b2484658"
  integrity sha512-XQBQ3I8W1Cge0Seh+6gjj03LbmRFWuoszgK9ooCpwYIrhhoO80pfq4cUkU5DkknwfOfFteRwlZ56PYOGYyFWdg==

signal-exit@^4.0.1:
  version "4.1.0"
  resolved "https://registry.yarnpkg.com/signal-exit/-/signal-exit-4.1.0.tgz#952188c1cbd546070e2dd20d0f41c0ae0530cb04"
  integrity sha512-bzyZ1e88w9O1iNJbKnOlvYTrWPDl46O1bG0D3XInv+9tkPrxrN8jUUTiFlDkkmKWgn1M6CfIA13SuGqOa9Korw==

supabase@1.115.5:
  version "1.115.5"
  resolved "https://registry.yarnpkg.com/supabase/-/supabase-1.115.5.tgz#6ec81bcb168741c2fa4bb3a7a039f7f65ad00454"
  integrity sha512-jAJ/d3Dge1/mV284RHBp6dkGLJCmdMO3FE6hnyn1S1Si3Bx4/EUD3zXtkkSNs4lAx6jcyibwh3iULm6n4yFzZA==
  dependencies:
    bin-links "^4.0.1"
    https-proxy-agent "^7.0.2"
    node-fetch "^3.2.10"
    tar "6.2.0"

tar@6.2.0:
  version "6.2.0"
  resolved "https://registry.yarnpkg.com/tar/-/tar-6.2.0.tgz#b14ce49a79cb1cd23bc9b016302dea5474493f73"
  integrity sha512-/Wo7DcT0u5HUV486xg675HtjNd3BXZ6xDbzsCUZPt5iw8bTQ63bP0Raut3mvro9u+CUyq7YQd8Cx55fsZXxqLQ==
  dependencies:
    chownr "^2.0.0"
    fs-minipass "^2.0.0"
    minipass "^5.0.0"
    minizlib "^2.1.1"
    mkdirp "^1.0.3"
    yallist "^4.0.0"

tr46@~0.0.3:
  version "0.0.3"
  resolved "https://registry.yarnpkg.com/tr46/-/tr46-0.0.3.tgz#8184fd347dac9cdc185992f3a6622e14b9d9ab6a"
  integrity sha512-N3WMsuqV66lT30CrXNbEjx4GEwlow3v6rr4mCcv6prnfwhS01rkgyFdjPNBYd9br7LpXV1+Emh01fHnq2Gdgrw==

undici-types@~5.26.4:
  version "5.26.5"
  resolved "https://registry.yarnpkg.com/undici-types/-/undici-types-5.26.5.tgz#bcd539893d00b56e964fd2657a4866b221a65617"
  integrity sha512-JlCMO+ehdEIKqlFxk6IfVoAUVmgz7cU7zD/h9XZ0qzeosSHmUJVOzSQvvYSYWXkFXC+IfLKSIffhv0sVZup6pA==

uuid@^9.0.0:
  version "9.0.1"
  resolved "https://registry.yarnpkg.com/uuid/-/uuid-9.0.1.tgz#e188d4c8853cc722220392c424cd637f32293f30"
  integrity sha512-b+1eJOlsR9K8HJpow9Ok3fiWOWSIcIzXodvv0rQjVoOVNpWMpxf1wZNpt4y9h10odCNrqnYp1OBzRktckBe3sA==

web-streams-polyfill@4.0.0-beta.3:
  version "4.0.0-beta.3"
  resolved "https://registry.yarnpkg.com/web-streams-polyfill/-/web-streams-polyfill-4.0.0-beta.3.tgz#2898486b74f5156095e473efe989dcf185047a38"
  integrity sha512-QW95TCTaHmsYfHDybGMwO5IJIM93I/6vTRk+daHTWFPhwh+C8Cg7j7XyKrwrj8Ib6vYXe0ocYNrmzY4xAAN6ug==

web-streams-polyfill@^3.0.3, web-streams-polyfill@^3.2.1:
  version "3.2.1"
  resolved "https://registry.yarnpkg.com/web-streams-polyfill/-/web-streams-polyfill-3.2.1.tgz#71c2718c52b45fd49dbeee88634b3a60ceab42a6"
  integrity sha512-e0MO3wdXWKrLbL0DgGnUV7WHVuw9OUvL4hjgnPkIeEvESk74gAITi5G606JtZPp39cd8HA9VQzCIvA49LpPN5Q==

webidl-conversions@^3.0.0:
  version "3.0.1"
  resolved "https://registry.yarnpkg.com/webidl-conversions/-/webidl-conversions-3.0.1.tgz#24534275e2a7bc6be7bc86611cc16ae0a5654871"
  integrity sha512-2JAn3z8AR6rjK8Sm8orRC0h/bcl/DqL7tRPdGZ4I1CjdF+EaMLmYxBHyXuKL849eucPFhvBoxMsflfOb8kxaeQ==

whatwg-url@^5.0.0:
  version "5.0.0"
  resolved "https://registry.yarnpkg.com/whatwg-url/-/whatwg-url-5.0.0.tgz#966454e8765462e37644d3626f6742ce8b70965d"
  integrity sha512-saE57nupxk6v3HY35+jzBwYa0rKSy0XR8JSxZPwgLr7ys0IBzhGviA1/TUGJLmSVqs8pb9AnvICXEuOHLprYTw==
  dependencies:
    tr46 "~0.0.3"
    webidl-conversions "^3.0.0"

write-file-atomic@^5.0.0:
  version "5.0.1"
  resolved "https://registry.yarnpkg.com/write-file-atomic/-/write-file-atomic-5.0.1.tgz#68df4717c55c6fa4281a7860b4c2ba0a6d2b11e7"
  integrity sha512-+QU2zd6OTD8XWIJCbffaiQeH9U73qIqafo1x6V1snCWYGJf6cVE0cDR4D8xRzcEnfI21IFrUPzPGtcPf8AC+Rw==
  dependencies:
    imurmurhash "^0.1.4"
    signal-exit "^4.0.1"

ws@^8.14.2:
  version "8.14.2"
  resolved "https://registry.yarnpkg.com/ws/-/ws-8.14.2.tgz#6c249a806eb2db7a20d26d51e7709eab7b2e6c7f"
  integrity sha512-wEBG1ftX4jcglPxgFCMJmZ2PLtSbJ2Peg6TmpJFTbe9GZYOQCDPdMYu/Tm0/bGZkw8paZnJY45J4K2PZrLYq8g==

yallist@^4.0.0:
  version "4.0.0"
  resolved "https://registry.yarnpkg.com/yallist/-/yallist-4.0.0.tgz#9bb92790d9c0effec63be73519e11a35019a3a72"
  integrity sha512-3wdGidZyq5PB084XLES5TpOSRA3wjXAlIWMhum2kRcv/41Sn2emQ0dycQW4uZXLejwKvg6EsvbdlVL+FYEct7A==

yaml@^2.2.1:
  version "2.3.4"
  resolved "https://registry.yarnpkg.com/yaml/-/yaml-2.3.4.tgz#53fc1d514be80aabf386dc6001eb29bf3b7523b2"
  integrity sha512-8aAvwVUSHpfEqTQ4w/KMlf3HcRdt50E5ODIQJBw1fQ5RL34xabzxtUlzTXVqc4rkZsPbvrXKWnABCD7kWSmocA==

zod-to-json-schema@^3.20.4:
  version "3.22.1"
  resolved "https://registry.yarnpkg.com/zod-to-json-schema/-/zod-to-json-schema-3.22.1.tgz#30bec8fb92eabbc1f8caf978a0eabfa447b261b7"
  integrity sha512-bVSWQ2JF3ZglQefafkM+Kk9KQ2fqqSi4VhxWaup1NJX9FS5jDg0EkEioVCWui0PiIQvcXJUjmN71bg672+a+tA==

zod@^3.21.4, zod@^3.22.4:
  version "3.22.4"
  resolved "https://registry.yarnpkg.com/zod/-/zod-3.22.4.tgz#f31c3a9386f61b1f228af56faa9255e845cf3fff"
  integrity sha512-iC+8Io04lddc+mVqQ9AZ7OQ2MrUKGN+oIQyq1vemgt46jwCwLfhq7/pwnBnNXXXZb8VTVLKwp9EDkx+ryxIWmg==
